
Microsoft Visual Studio Solution File, Format Version 12.00
# Visual Studio Version 17
VisualStudioVersion = 17.0.31903.59
MinimumVisualStudioVersion = 10.0.40219.1
Project("{2150E333-8FDC-42A3-9474-1A3956D46DE8}") = "src", "src", "{8F85B915-6804-4356-A7F2-038AF10DCCF9}"
EndProject
Project("{FAE04EC0-301F-11D3-BF4B-00C04F79EFBC}") = "QRGen.Net", "src\QRGen.Net\QRGen.Net.csproj", "{8E44E920-8B00-4770-9BDE-0F326CF049D4}"
EndProject
Project("{2150E333-8FDC-42A3-9474-1A3956D46DE8}") = "tests", "tests", "{80A1E304-3E7C-4C64-8EC5-183F92A92FEA}"
EndProject
Project("{FAE04EC0-301F-11D3-BF4B-00C04F79EFBC}") = "QRGen.Net.Tests", "tests\QRGen.Net.Tests\QRGen.Net.Tests.csproj", "{80C89A04-5841-4163-98F7-D4F50911B04F}"
EndProject
Global
	GlobalSection(SolutionConfigurationPlatforms) = preSolution
		Debug|Any CPU = Debug|Any CPU
		Release|Any CPU = Release|Any CPU
	EndGlobalSection
	GlobalSection(SolutionProperties) = preSolution
		HideSolutionNode = FALSE
	EndGlobalSection
	GlobalSection(ProjectConfigurationPlatforms) = postSolution
		{8E44E920-8B00-4770-9BDE-0F326CF049D4}.Debug|Any CPU.ActiveCfg = Debug|Any CPU
		{8E44E920-8B00-4770-9BDE-0F326CF049D4}.Debug|Any CPU.Build.0 = Debug|Any CPU
		{8E44E920-8B00-4770-9BDE-0F326CF049D4}.Release|Any CPU.ActiveCfg = Release|Any CPU
		{8E44E920-8B00-4770-9BDE-0F326CF049D4}.Release|Any CPU.Build.0 = Release|Any CPU
		{80C89A04-5841-4163-98F7-D4F50911B04F}.Debug|Any CPU.ActiveCfg = Debug|Any CPU
		{80C89A04-5841-4163-98F7-D4F50911B04F}.Debug|Any CPU.Build.0 = Debug|Any CPU
		{80C89A04-5841-4163-98F7-D4F50911B04F}.Release|Any CPU.ActiveCfg = Release|Any CPU
		{80C89A04-5841-4163-98F7-D4F50911B04F}.Release|Any CPU.Build.0 = Release|Any CPU
	EndGlobalSection
	GlobalSection(NestedProjects) = preSolution
		{8E44E920-8B00-4770-9BDE-0F326CF049D4} = {8F85B915-6804-4356-A7F2-038AF10DCCF9}
		{80C89A04-5841-4163-98F7-D4F50911B04F} = {80A1E304-3E7C-4C64-8EC5-183F92A92FEA}
	EndGlobalSection
EndGlobal
